
Microsoft Visual Studio Solution File, Format Version 12.00
# Visual Studio 15
VisualStudioVersion = 15.0.28307.329
MinimumVisualStudioVersion = 10.0.40219.1
Project("{888888A0-9F3D-457C-B088-3A5042F75D52}") = "tcp_server v1.1", "tcp_server v1.1\tcp_server v1.1.pyproj", "{E923638C-6A79-4994-9616-BA0A05BB7EE5}"
EndProject
Global
	GlobalSection(SolutionConfigurationPlatforms) = preSolution
		Debug|Any CPU = Debug|Any CPU
		Release|Any CPU = Release|Any CPU
	EndGlobalSection
	GlobalSection(ProjectConfigurationPlatforms) = postSolution
		{E923638C-6A79-4994-9616-BA0A05BB7EE5}.Debug|Any CPU.ActiveCfg = Debug|Any CPU
		{E923638C-6A79-4994-9616-BA0A05BB7EE5}.Release|Any CPU.ActiveCfg = Release|Any CPU
	EndGlobalSection
	GlobalSection(SolutionProperties) = preSolution
		HideSolutionNode = FALSE
	EndGlobalSection
	GlobalSection(ExtensibilityGlobals) = postSolution
		SolutionGuid = {F9F15EBF-70EE-4CCF-AACD-C1B5690BDE15}
	EndGlobalSection
EndGlobal
